
Microsoft Visual Studio Solution File, Format Version 12.00
# Visual Studio Version 17
VisualStudioVersion = 17.7.34221.43
MinimumVisualStudioVersion = 10.0.40219.1
Project("{FAE04EC0-301F-11D3-BF4B-00C04F79EFBC}") = "API", "API\API.csproj", "{8FBAC677-A806-4B36-9C81-0736FA6A85CD}"
EndProject
Project("{FAE04EC0-301F-11D3-BF4B-00C04F79EFBC}") = "Core", "Core\Core.csproj", "{6A5E61DB-DB09-4921-B32B-D58D800A4157}"
EndProject
Project("{FAE04EC0-301F-11D3-BF4B-00C04F79EFBC}") = "Infraestructure", "Infraestructure\Infraestructure.csproj", "{28DF1D40-7819-4694-94CC-38BE25028E1D}"
EndProject
Global
	GlobalSection(SolutionConfigurationPlatforms) = preSolution
		Debug|Any CPU = Debug|Any CPU
		Release|Any CPU = Release|Any CPU
	EndGlobalSection
	GlobalSection(ProjectConfigurationPlatforms) = postSolution
		{8FBAC677-A806-4B36-9C81-0736FA6A85CD}.Debug|Any CPU.ActiveCfg = Debug|Any CPU
		{8FBAC677-A806-4B36-9C81-0736FA6A85CD}.Debug|Any CPU.Build.0 = Debug|Any CPU
		{8FBAC677-A806-4B36-9C81-0736FA6A85CD}.Release|Any CPU.ActiveCfg = Release|Any CPU
		{8FBAC677-A806-4B36-9C81-0736FA6A85CD}.Release|Any CPU.Build.0 = Release|Any CPU
		{6A5E61DB-DB09-4921-B32B-D58D800A4157}.Debug|Any CPU.ActiveCfg = Debug|Any CPU
		{6A5E61DB-DB09-4921-B32B-D58D800A4157}.Debug|Any CPU.Build.0 = Debug|Any CPU
		{6A5E61DB-DB09-4921-B32B-D58D800A4157}.Release|Any CPU.ActiveCfg = Release|Any CPU
		{6A5E61DB-DB09-4921-B32B-D58D800A4157}.Release|Any CPU.Build.0 = Release|Any CPU
		{28DF1D40-7819-4694-94CC-38BE25028E1D}.Debug|Any CPU.ActiveCfg = Debug|Any CPU
		{28DF1D40-7819-4694-94CC-38BE25028E1D}.Debug|Any CPU.Build.0 = Debug|Any CPU
		{28DF1D40-7819-4694-94CC-38BE25028E1D}.Release|Any CPU.ActiveCfg = Release|Any CPU
		{28DF1D40-7819-4694-94CC-38BE25028E1D}.Release|Any CPU.Build.0 = Release|Any CPU
	EndGlobalSection
	GlobalSection(SolutionProperties) = preSolution
		HideSolutionNode = FALSE
	EndGlobalSection
	GlobalSection(ExtensibilityGlobals) = postSolution
		SolutionGuid = {94EBEF42-384D-40AD-8232-8A9A255D213E}
	EndGlobalSection
EndGlobal
